
Microsoft Visual Studio Solution File, Format Version 12.00
# Visual Studio Version 17
VisualStudioVersion = 17.1.32407.343
MinimumVisualStudioVersion = 10.0.40219.1
Project("{9A19103F-16F7-4668-BE54-9A1E7A4F7556}") = "BurnOutSharp", "BurnOutSharp\BurnOutSharp.csproj", "{1DA4212E-6071-4951-B45D-BB74A7838246}"
EndProject
Project("{9A19103F-16F7-4668-BE54-9A1E7A4F7556}") = "Test", "Test\Test.csproj", "{88735BA2-778D-4192-8EB2-FFF6843719E2}"
EndProject
Project("{2150E333-8FDC-42A3-9474-1A3956D46DE8}") = "Solution Items", "Solution Items", "{68D10531-99CB-40B1-8912-73FA286C9433}"
	ProjectSection(SolutionItems) = preProject
		appveyor.yml = appveyor.yml
		LICENSE = LICENSE
		README.md = README.md
	EndProjectSection
EndProject
Project("{9A19103F-16F7-4668-BE54-9A1E7A4F7556}") = "WixToolset.Dtf.WindowsInstaller", "WixToolset\src\WixToolset.Dtf.WindowsInstaller\WixToolset.Dtf.WindowsInstaller.csproj", "{B3537EB7-CEF6-4D90-A041-47626442A656}"
EndProject
Project("{9A19103F-16F7-4668-BE54-9A1E7A4F7556}") = "HLLibSharp", "HLLibSharp\HLLibSharp\HLLibSharp.csproj", "{14E9764A-A8BF-44C0-A1A8-2C95EA307040}"
EndProject
Project("{9A19103F-16F7-4668-BE54-9A1E7A4F7556}") = "LibMSPackSharp", "LibMSPackSharp\LibMSPackSharp\LibMSPackSharp.csproj", "{BD8144B8-4857-47E6-9717-E9F2DB374A89}"
EndProject
Global
	GlobalSection(SolutionConfigurationPlatforms) = preSolution
		Debug|Any CPU = Debug|Any CPU
		Release|Any CPU = Release|Any CPU
	EndGlobalSection
	GlobalSection(ProjectConfigurationPlatforms) = postSolution
		{1DA4212E-6071-4951-B45D-BB74A7838246}.Debug|Any CPU.ActiveCfg = Debug|Any CPU
		{1DA4212E-6071-4951-B45D-BB74A7838246}.Debug|Any CPU.Build.0 = Debug|Any CPU
		{1DA4212E-6071-4951-B45D-BB74A7838246}.Release|Any CPU.ActiveCfg = Release|Any CPU
		{1DA4212E-6071-4951-B45D-BB74A7838246}.Release|Any CPU.Build.0 = Release|Any CPU
		{88735BA2-778D-4192-8EB2-FFF6843719E2}.Debug|Any CPU.ActiveCfg = Debug|Any CPU
		{88735BA2-778D-4192-8EB2-FFF6843719E2}.Debug|Any CPU.Build.0 = Debug|Any CPU
		{88735BA2-778D-4192-8EB2-FFF6843719E2}.Release|Any CPU.ActiveCfg = Release|Any CPU
		{88735BA2-778D-4192-8EB2-FFF6843719E2}.Release|Any CPU.Build.0 = Release|Any CPU
		{B3537EB7-CEF6-4D90-A041-47626442A656}.Debug|Any CPU.ActiveCfg = Debug|Any CPU
		{B3537EB7-CEF6-4D90-A041-47626442A656}.Debug|Any CPU.Build.0 = Debug|Any CPU
		{B3537EB7-CEF6-4D90-A041-47626442A656}.Release|Any CPU.ActiveCfg = Release|Any CPU
		{B3537EB7-CEF6-4D90-A041-47626442A656}.Release|Any CPU.Build.0 = Release|Any CPU
		{14E9764A-A8BF-44C0-A1A8-2C95EA307040}.Debug|Any CPU.ActiveCfg = Debug|Any CPU
		{14E9764A-A8BF-44C0-A1A8-2C95EA307040}.Debug|Any CPU.Build.0 = Debug|Any CPU
		{14E9764A-A8BF-44C0-A1A8-2C95EA307040}.Release|Any CPU.ActiveCfg = Release|Any CPU
		{14E9764A-A8BF-44C0-A1A8-2C95EA307040}.Release|Any CPU.Build.0 = Release|Any CPU
		{BD8144B8-4857-47E6-9717-E9F2DB374A89}.Debug|Any CPU.ActiveCfg = Debug|Any CPU
		{BD8144B8-4857-47E6-9717-E9F2DB374A89}.Debug|Any CPU.Build.0 = Debug|Any CPU
		{BD8144B8-4857-47E6-9717-E9F2DB374A89}.Release|Any CPU.ActiveCfg = Release|Any CPU
		{BD8144B8-4857-47E6-9717-E9F2DB374A89}.Release|Any CPU.Build.0 = Release|Any CPU
	EndGlobalSection
	GlobalSection(SolutionProperties) = preSolution
		HideSolutionNode = FALSE
	EndGlobalSection
	GlobalSection(ExtensibilityGlobals) = postSolution
		SolutionGuid = {0B343DD2-8852-47B0-9647-DFCFBEDF933C}
	EndGlobalSection
EndGlobal
