
Microsoft Visual Studio Solution File, Format Version 12.00
# Visual Studio Version 16
VisualStudioVersion = 16.0.29306.81
MinimumVisualStudioVersion = 10.0.40219.1
Project("{FAE04EC0-301F-11D3-BF4B-00C04F79EFBC}") = "BurnOutSharp", "BurnOutSharp\BurnOutSharp.csproj", "{1DA4212E-6071-4951-B45D-BB74A7838246}"
EndProject
Project("{FAE04EC0-301F-11D3-BF4B-00C04F79EFBC}") = "Test", "Test\Test.csproj", "{88735BA2-778D-4192-8EB2-FFF6843719E2}"
EndProject
Project("{2150E333-8FDC-42A3-9474-1A3956D46DE8}") = "Solution Items", "Solution Items", "{68D10531-99CB-40B1-8912-73FA286C9433}"
	ProjectSection(SolutionItems) = preProject
		README.md = README.md
	EndProjectSection
EndProject
Global
	GlobalSection(SolutionConfigurationPlatforms) = preSolution
		Debug|Any CPU = Debug|Any CPU
		Release|Any CPU = Release|Any CPU
	EndGlobalSection
	GlobalSection(ProjectConfigurationPlatforms) = postSolution
		{1DA4212E-6071-4951-B45D-BB74A7838246}.Debug|Any CPU.ActiveCfg = Debug|Any CPU
		{1DA4212E-6071-4951-B45D-BB74A7838246}.Debug|Any CPU.Build.0 = Debug|Any CPU
		{1DA4212E-6071-4951-B45D-BB74A7838246}.Release|Any CPU.ActiveCfg = Release|Any CPU
		{1DA4212E-6071-4951-B45D-BB74A7838246}.Release|Any CPU.Build.0 = Release|Any CPU
		{88735BA2-778D-4192-8EB2-FFF6843719E2}.Debug|Any CPU.ActiveCfg = Debug|Any CPU
		{88735BA2-778D-4192-8EB2-FFF6843719E2}.Debug|Any CPU.Build.0 = Debug|Any CPU
		{88735BA2-778D-4192-8EB2-FFF6843719E2}.Release|Any CPU.ActiveCfg = Release|Any CPU
		{88735BA2-778D-4192-8EB2-FFF6843719E2}.Release|Any CPU.Build.0 = Release|Any CPU
	EndGlobalSection
	GlobalSection(SolutionProperties) = preSolution
		HideSolutionNode = FALSE
	EndGlobalSection
	GlobalSection(ExtensibilityGlobals) = postSolution
		SolutionGuid = {0B343DD2-8852-47B0-9647-DFCFBEDF933C}
	EndGlobalSection
EndGlobal
