
Microsoft Visual Studio Solution File, Format Version 12.00
# Visual Studio Version 17
VisualStudioVersion = 17.1.32407.343
MinimumVisualStudioVersion = 10.0.40219.1
Project("{9A19103F-16F7-4668-BE54-9A1E7A4F7556}") = "BurnOutSharp", "BurnOutSharp\BurnOutSharp.csproj", "{1DA4212E-6071-4951-B45D-BB74A7838246}"
EndProject
Project("{9A19103F-16F7-4668-BE54-9A1E7A4F7556}") = "Test", "Test\Test.csproj", "{88735BA2-778D-4192-8EB2-FFF6843719E2}"
EndProject
Project("{2150E333-8FDC-42A3-9474-1A3956D46DE8}") = "Solution Items", "Solution Items", "{68D10531-99CB-40B1-8912-73FA286C9433}"
	ProjectSection(SolutionItems) = preProject
		appveyor.yml = appveyor.yml
		Coding Guide.md = Coding Guide.md
		Developer Guide.md = Developer Guide.md
		LICENSE = LICENSE
		README.md = README.md
	EndProjectSection
EndProject
Project("{9A19103F-16F7-4668-BE54-9A1E7A4F7556}") = "BinaryObjectScanner.Models", "BinaryObjectScanner.Models\BinaryObjectScanner.Models.csproj", "{44939210-BDC2-4250-BC0F-0AB8F316F09D}"
EndProject
Project("{9A19103F-16F7-4668-BE54-9A1E7A4F7556}") = "BinaryObjectScanner.Builders", "BinaryObjectScanner.Builders\BinaryObjectScanner.Builders.csproj", "{7577733A-CC8D-4E7C-8B6D-FFC7EC1B3D07}"
EndProject
Project("{9A19103F-16F7-4668-BE54-9A1E7A4F7556}") = "BinaryObjectScanner.Wrappers", "BinaryObjectScanner.Wrappers\BinaryObjectScanner.Wrappers.csproj", "{35BD489F-E58D-45DD-9929-DC4B32414750}"
EndProject
Project("{9A19103F-16F7-4668-BE54-9A1E7A4F7556}") = "BinaryObjectScanner.Matching", "BinaryObjectScanner.Matching\BinaryObjectScanner.Matching.csproj", "{563BC37B-8E02-4178-B6FE-F3F6F65E0096}"
EndProject
Project("{9A19103F-16F7-4668-BE54-9A1E7A4F7556}") = "psxt001z", "psxt001z\psxt001z.csproj", "{D9574B47-0D6B-445A-97BF-272B5EF9AD3F}"
EndProject
Project("{9A19103F-16F7-4668-BE54-9A1E7A4F7556}") = "BinaryObjectScanner.Utilities", "BinaryObjectScanner.Utilities\BinaryObjectScanner.Utilities.csproj", "{3C1D1FE2-7E7C-4EC1-96B1-FE68B73282CD}"
EndProject
Project("{9A19103F-16F7-4668-BE54-9A1E7A4F7556}") = "BinaryObjectScanner.ASN1", "BinaryObjectScanner.ASN1\BinaryObjectScanner.ASN1.csproj", "{D5407F3A-236C-45B5-BE3A-1505412DCB22}"
EndProject
Project("{9A19103F-16F7-4668-BE54-9A1E7A4F7556}") = "BinaryObjectScanner.Compression", "BinaryObjectScanner.Compression\BinaryObjectScanner.Compression.csproj", "{B55206B2-58FD-4A47-AADC-74982FEA8FAD}"
EndProject
Project("{9A19103F-16F7-4668-BE54-9A1E7A4F7556}") = "BinaryObjectScanner.Interfaces", "BinaryObjectScanner.Interfaces\BinaryObjectScanner.Interfaces.csproj", "{7193566B-8071-437F-9B42-9A009AAA22DC}"
EndProject
Project("{9A19103F-16F7-4668-BE54-9A1E7A4F7556}") = "BinaryObjectScanner.Protection", "BinaryObjectScanner.Protection\BinaryObjectScanner.Protection.csproj", "{FF0BC536-10B6-4A31-9AB4-1B9B06B3B2E8}"
EndProject
Project("{FAE04EC0-301F-11D3-BF4B-00C04F79EFBC}") = "BinaryObjectScanner.Packer", "BinaryObjectScanner.Packer\BinaryObjectScanner.Packer.csproj", "{59B3DE26-9399-4B5A-B39B-6239DAF1A017}"
EndProject
Global
	GlobalSection(SolutionConfigurationPlatforms) = preSolution
		Debug|Any CPU = Debug|Any CPU
		Release|Any CPU = Release|Any CPU
	EndGlobalSection
	GlobalSection(ProjectConfigurationPlatforms) = postSolution
		{1DA4212E-6071-4951-B45D-BB74A7838246}.Debug|Any CPU.ActiveCfg = Debug|Any CPU
		{1DA4212E-6071-4951-B45D-BB74A7838246}.Debug|Any CPU.Build.0 = Debug|Any CPU
		{1DA4212E-6071-4951-B45D-BB74A7838246}.Release|Any CPU.ActiveCfg = Release|Any CPU
		{1DA4212E-6071-4951-B45D-BB74A7838246}.Release|Any CPU.Build.0 = Release|Any CPU
		{88735BA2-778D-4192-8EB2-FFF6843719E2}.Debug|Any CPU.ActiveCfg = Debug|Any CPU
		{88735BA2-778D-4192-8EB2-FFF6843719E2}.Debug|Any CPU.Build.0 = Debug|Any CPU
		{88735BA2-778D-4192-8EB2-FFF6843719E2}.Release|Any CPU.ActiveCfg = Release|Any CPU
		{88735BA2-778D-4192-8EB2-FFF6843719E2}.Release|Any CPU.Build.0 = Release|Any CPU
		{44939210-BDC2-4250-BC0F-0AB8F316F09D}.Debug|Any CPU.ActiveCfg = Debug|Any CPU
		{44939210-BDC2-4250-BC0F-0AB8F316F09D}.Debug|Any CPU.Build.0 = Debug|Any CPU
		{44939210-BDC2-4250-BC0F-0AB8F316F09D}.Release|Any CPU.ActiveCfg = Release|Any CPU
		{44939210-BDC2-4250-BC0F-0AB8F316F09D}.Release|Any CPU.Build.0 = Release|Any CPU
		{7577733A-CC8D-4E7C-8B6D-FFC7EC1B3D07}.Debug|Any CPU.ActiveCfg = Debug|Any CPU
		{7577733A-CC8D-4E7C-8B6D-FFC7EC1B3D07}.Debug|Any CPU.Build.0 = Debug|Any CPU
		{7577733A-CC8D-4E7C-8B6D-FFC7EC1B3D07}.Release|Any CPU.ActiveCfg = Release|Any CPU
		{7577733A-CC8D-4E7C-8B6D-FFC7EC1B3D07}.Release|Any CPU.Build.0 = Release|Any CPU
		{35BD489F-E58D-45DD-9929-DC4B32414750}.Debug|Any CPU.ActiveCfg = Debug|Any CPU
		{35BD489F-E58D-45DD-9929-DC4B32414750}.Debug|Any CPU.Build.0 = Debug|Any CPU
		{35BD489F-E58D-45DD-9929-DC4B32414750}.Release|Any CPU.ActiveCfg = Release|Any CPU
		{35BD489F-E58D-45DD-9929-DC4B32414750}.Release|Any CPU.Build.0 = Release|Any CPU
		{563BC37B-8E02-4178-B6FE-F3F6F65E0096}.Debug|Any CPU.ActiveCfg = Debug|Any CPU
		{563BC37B-8E02-4178-B6FE-F3F6F65E0096}.Debug|Any CPU.Build.0 = Debug|Any CPU
		{563BC37B-8E02-4178-B6FE-F3F6F65E0096}.Release|Any CPU.ActiveCfg = Release|Any CPU
		{563BC37B-8E02-4178-B6FE-F3F6F65E0096}.Release|Any CPU.Build.0 = Release|Any CPU
		{D9574B47-0D6B-445A-97BF-272B5EF9AD3F}.Debug|Any CPU.ActiveCfg = Debug|Any CPU
		{D9574B47-0D6B-445A-97BF-272B5EF9AD3F}.Debug|Any CPU.Build.0 = Debug|Any CPU
		{D9574B47-0D6B-445A-97BF-272B5EF9AD3F}.Release|Any CPU.ActiveCfg = Release|Any CPU
		{D9574B47-0D6B-445A-97BF-272B5EF9AD3F}.Release|Any CPU.Build.0 = Release|Any CPU
		{3C1D1FE2-7E7C-4EC1-96B1-FE68B73282CD}.Debug|Any CPU.ActiveCfg = Debug|Any CPU
		{3C1D1FE2-7E7C-4EC1-96B1-FE68B73282CD}.Debug|Any CPU.Build.0 = Debug|Any CPU
		{3C1D1FE2-7E7C-4EC1-96B1-FE68B73282CD}.Release|Any CPU.ActiveCfg = Release|Any CPU
		{3C1D1FE2-7E7C-4EC1-96B1-FE68B73282CD}.Release|Any CPU.Build.0 = Release|Any CPU
		{D5407F3A-236C-45B5-BE3A-1505412DCB22}.Debug|Any CPU.ActiveCfg = Debug|Any CPU
		{D5407F3A-236C-45B5-BE3A-1505412DCB22}.Debug|Any CPU.Build.0 = Debug|Any CPU
		{D5407F3A-236C-45B5-BE3A-1505412DCB22}.Release|Any CPU.ActiveCfg = Release|Any CPU
		{D5407F3A-236C-45B5-BE3A-1505412DCB22}.Release|Any CPU.Build.0 = Release|Any CPU
		{B55206B2-58FD-4A47-AADC-74982FEA8FAD}.Debug|Any CPU.ActiveCfg = Debug|Any CPU
		{B55206B2-58FD-4A47-AADC-74982FEA8FAD}.Debug|Any CPU.Build.0 = Debug|Any CPU
		{B55206B2-58FD-4A47-AADC-74982FEA8FAD}.Release|Any CPU.ActiveCfg = Release|Any CPU
		{B55206B2-58FD-4A47-AADC-74982FEA8FAD}.Release|Any CPU.Build.0 = Release|Any CPU
		{7193566B-8071-437F-9B42-9A009AAA22DC}.Debug|Any CPU.ActiveCfg = Debug|Any CPU
		{7193566B-8071-437F-9B42-9A009AAA22DC}.Debug|Any CPU.Build.0 = Debug|Any CPU
		{7193566B-8071-437F-9B42-9A009AAA22DC}.Release|Any CPU.ActiveCfg = Release|Any CPU
		{7193566B-8071-437F-9B42-9A009AAA22DC}.Release|Any CPU.Build.0 = Release|Any CPU
		{FF0BC536-10B6-4A31-9AB4-1B9B06B3B2E8}.Debug|Any CPU.ActiveCfg = Debug|Any CPU
		{FF0BC536-10B6-4A31-9AB4-1B9B06B3B2E8}.Debug|Any CPU.Build.0 = Debug|Any CPU
		{FF0BC536-10B6-4A31-9AB4-1B9B06B3B2E8}.Release|Any CPU.ActiveCfg = Release|Any CPU
		{FF0BC536-10B6-4A31-9AB4-1B9B06B3B2E8}.Release|Any CPU.Build.0 = Release|Any CPU
		{59B3DE26-9399-4B5A-B39B-6239DAF1A017}.Debug|Any CPU.ActiveCfg = Debug|Any CPU
		{59B3DE26-9399-4B5A-B39B-6239DAF1A017}.Debug|Any CPU.Build.0 = Debug|Any CPU
		{59B3DE26-9399-4B5A-B39B-6239DAF1A017}.Release|Any CPU.ActiveCfg = Release|Any CPU
		{59B3DE26-9399-4B5A-B39B-6239DAF1A017}.Release|Any CPU.Build.0 = Release|Any CPU
	EndGlobalSection
	GlobalSection(SolutionProperties) = preSolution
		HideSolutionNode = FALSE
	EndGlobalSection
	GlobalSection(ExtensibilityGlobals) = postSolution
		SolutionGuid = {0B343DD2-8852-47B0-9647-DFCFBEDF933C}
	EndGlobalSection
EndGlobal
